
Microsoft Visual Studio Solution File, Format Version 12.00
# Visual Studio Version 17
VisualStudioVersion = 17.2.32210.308
MinimumVisualStudioVersion = 10.0.40219.1
Project("{2150E333-8FDC-42A3-9474-1A3956D46DE8}") = "src", "src", "{50BF41FB-3468-4B49-9322-BEA575739AA1}"
EndProject
Project("{9A19103F-16F7-4668-BE54-9A1E7A4F7556}") = "BookReview", "src\BookReview\BookReview.csproj", "{3AAE95E6-5752-4012-8085-1A36A912C92B}"
EndProject
Project("{9A19103F-16F7-4668-BE54-9A1E7A4F7556}") = "BusinessLogic", "src\BusinessLogic\BusinessLogic.csproj", "{0A097DF6-DC6A-4067-A4EA-335D94CB1A72}"
EndProject
Project("{9A19103F-16F7-4668-BE54-9A1E7A4F7556}") = "Domain", "src\Domain\Domain.csproj", "{480A0959-5F91-45C7-BB13-333544881D0A}"
EndProject
Project("{2150E333-8FDC-42A3-9474-1A3956D46DE8}") = "tests", "tests", "{DA79D8F8-0B26-4D70-9977-6F985E3BD9EC}"
EndProject
Project("{9A19103F-16F7-4668-BE54-9A1E7A4F7556}") = "BookReview.Tests", "tests\BookReviewTests\BookReview.Tests.csproj", "{29EEEC9D-157B-4FC8-AB8D-C99CE5595114}"
EndProject
Global
	GlobalSection(SolutionConfigurationPlatforms) = preSolution
		Debug|Any CPU = Debug|Any CPU
		Debug|x64 = Debug|x64
		Debug|x86 = Debug|x86
		Release|Any CPU = Release|Any CPU
		Release|x64 = Release|x64
		Release|x86 = Release|x86
	EndGlobalSection
	GlobalSection(ProjectConfigurationPlatforms) = postSolution
		{3AAE95E6-5752-4012-8085-1A36A912C92B}.Debug|Any CPU.ActiveCfg = Debug|Any CPU
		{3AAE95E6-5752-4012-8085-1A36A912C92B}.Debug|Any CPU.Build.0 = Debug|Any CPU
		{3AAE95E6-5752-4012-8085-1A36A912C92B}.Debug|x64.ActiveCfg = Debug|Any CPU
		{3AAE95E6-5752-4012-8085-1A36A912C92B}.Debug|x64.Build.0 = Debug|Any CPU
		{3AAE95E6-5752-4012-8085-1A36A912C92B}.Debug|x86.ActiveCfg = Debug|Any CPU
		{3AAE95E6-5752-4012-8085-1A36A912C92B}.Debug|x86.Build.0 = Debug|Any CPU
		{3AAE95E6-5752-4012-8085-1A36A912C92B}.Release|Any CPU.ActiveCfg = Release|Any CPU
		{3AAE95E6-5752-4012-8085-1A36A912C92B}.Release|Any CPU.Build.0 = Release|Any CPU
		{3AAE95E6-5752-4012-8085-1A36A912C92B}.Release|x64.ActiveCfg = Release|Any CPU
		{3AAE95E6-5752-4012-8085-1A36A912C92B}.Release|x64.Build.0 = Release|Any CPU
		{3AAE95E6-5752-4012-8085-1A36A912C92B}.Release|x86.ActiveCfg = Release|Any CPU
		{3AAE95E6-5752-4012-8085-1A36A912C92B}.Release|x86.Build.0 = Release|Any CPU
		{0A097DF6-DC6A-4067-A4EA-335D94CB1A72}.Debug|Any CPU.ActiveCfg = Debug|Any CPU
		{0A097DF6-DC6A-4067-A4EA-335D94CB1A72}.Debug|Any CPU.Build.0 = Debug|Any CPU
		{0A097DF6-DC6A-4067-A4EA-335D94CB1A72}.Debug|x64.ActiveCfg = Debug|Any CPU
		{0A097DF6-DC6A-4067-A4EA-335D94CB1A72}.Debug|x64.Build.0 = Debug|Any CPU
		{0A097DF6-DC6A-4067-A4EA-335D94CB1A72}.Debug|x86.ActiveCfg = Debug|Any CPU
		{0A097DF6-DC6A-4067-A4EA-335D94CB1A72}.Debug|x86.Build.0 = Debug|Any CPU
		{0A097DF6-DC6A-4067-A4EA-335D94CB1A72}.Release|Any CPU.ActiveCfg = Release|Any CPU
		{0A097DF6-DC6A-4067-A4EA-335D94CB1A72}.Release|Any CPU.Build.0 = Release|Any CPU
		{0A097DF6-DC6A-4067-A4EA-335D94CB1A72}.Release|x64.ActiveCfg = Release|Any CPU
		{0A097DF6-DC6A-4067-A4EA-335D94CB1A72}.Release|x64.Build.0 = Release|Any CPU
		{0A097DF6-DC6A-4067-A4EA-335D94CB1A72}.Release|x86.ActiveCfg = Release|Any CPU
		{0A097DF6-DC6A-4067-A4EA-335D94CB1A72}.Release|x86.Build.0 = Release|Any CPU
		{480A0959-5F91-45C7-BB13-333544881D0A}.Debug|Any CPU.ActiveCfg = Debug|Any CPU
		{480A0959-5F91-45C7-BB13-333544881D0A}.Debug|Any CPU.Build.0 = Debug|Any CPU
		{480A0959-5F91-45C7-BB13-333544881D0A}.Debug|x64.ActiveCfg = Debug|Any CPU
		{480A0959-5F91-45C7-BB13-333544881D0A}.Debug|x64.Build.0 = Debug|Any CPU
		{480A0959-5F91-45C7-BB13-333544881D0A}.Debug|x86.ActiveCfg = Debug|Any CPU
		{480A0959-5F91-45C7-BB13-333544881D0A}.Debug|x86.Build.0 = Debug|Any CPU
		{480A0959-5F91-45C7-BB13-333544881D0A}.Release|Any CPU.ActiveCfg = Release|Any CPU
		{480A0959-5F91-45C7-BB13-333544881D0A}.Release|Any CPU.Build.0 = Release|Any CPU
		{480A0959-5F91-45C7-BB13-333544881D0A}.Release|x64.ActiveCfg = Release|Any CPU
		{480A0959-5F91-45C7-BB13-333544881D0A}.Release|x64.Build.0 = Release|Any CPU
		{480A0959-5F91-45C7-BB13-333544881D0A}.Release|x86.ActiveCfg = Release|Any CPU
		{480A0959-5F91-45C7-BB13-333544881D0A}.Release|x86.Build.0 = Release|Any CPU
		{29EEEC9D-157B-4FC8-AB8D-C99CE5595114}.Debug|Any CPU.ActiveCfg = Debug|Any CPU
		{29EEEC9D-157B-4FC8-AB8D-C99CE5595114}.Debug|Any CPU.Build.0 = Debug|Any CPU
		{29EEEC9D-157B-4FC8-AB8D-C99CE5595114}.Debug|x64.ActiveCfg = Debug|Any CPU
		{29EEEC9D-157B-4FC8-AB8D-C99CE5595114}.Debug|x64.Build.0 = Debug|Any CPU
		{29EEEC9D-157B-4FC8-AB8D-C99CE5595114}.Debug|x86.ActiveCfg = Debug|Any CPU
		{29EEEC9D-157B-4FC8-AB8D-C99CE5595114}.Debug|x86.Build.0 = Debug|Any CPU
		{29EEEC9D-157B-4FC8-AB8D-C99CE5595114}.Release|Any CPU.ActiveCfg = Release|Any CPU
		{29EEEC9D-157B-4FC8-AB8D-C99CE5595114}.Release|Any CPU.Build.0 = Release|Any CPU
		{29EEEC9D-157B-4FC8-AB8D-C99CE5595114}.Release|x64.ActiveCfg = Release|Any CPU
		{29EEEC9D-157B-4FC8-AB8D-C99CE5595114}.Release|x64.Build.0 = Release|Any CPU
		{29EEEC9D-157B-4FC8-AB8D-C99CE5595114}.Release|x86.ActiveCfg = Release|Any CPU
		{29EEEC9D-157B-4FC8-AB8D-C99CE5595114}.Release|x86.Build.0 = Release|Any CPU
	EndGlobalSection
	GlobalSection(SolutionProperties) = preSolution
		HideSolutionNode = FALSE
	EndGlobalSection
	GlobalSection(NestedProjects) = preSolution
		{3AAE95E6-5752-4012-8085-1A36A912C92B} = {50BF41FB-3468-4B49-9322-BEA575739AA1}
		{0A097DF6-DC6A-4067-A4EA-335D94CB1A72} = {50BF41FB-3468-4B49-9322-BEA575739AA1}
		{480A0959-5F91-45C7-BB13-333544881D0A} = {50BF41FB-3468-4B49-9322-BEA575739AA1}
		{29EEEC9D-157B-4FC8-AB8D-C99CE5595114} = {DA79D8F8-0B26-4D70-9977-6F985E3BD9EC}
	EndGlobalSection
	GlobalSection(ExtensibilityGlobals) = postSolution
		SolutionGuid = {DB31CDC9-0D08-4B4E-A70F-BD5B2E8D2275}
	EndGlobalSection
EndGlobal
